
Microsoft Visual Studio Solution File, Format Version 12.00
# Visual Studio Version 17
VisualStudioVersion = 17.0.31903.59
MinimumVisualStudioVersion = 10.0.40219.1
Project("{2150E333-8FDC-42A3-9474-1A3956D46DE8}") = "src", "src", "{7786AA94-4545-46C2-9E2B-CD2CB260F90E}"
EndProject
Project("{FAE04EC0-301F-11D3-BF4B-00C04F79EFBC}") = "Ecom.CatalogService", "src\Services\CatalogService\Ecom.CatalogService\Ecom.CatalogService.csproj", "{5CE6BD8D-8DC0-4E26-8C6D-919E3A59F2E0}"
EndProject
Global
	GlobalSection(SolutionConfigurationPlatforms) = preSolution
		Debug|Any CPU = Debug|Any CPU
		Release|Any CPU = Release|Any CPU
	EndGlobalSection
	GlobalSection(SolutionProperties) = preSolution
		HideSolutionNode = FALSE
	EndGlobalSection
	GlobalSection(ProjectConfigurationPlatforms) = postSolution
		{5CE6BD8D-8DC0-4E26-8C6D-919E3A59F2E0}.Debug|Any CPU.ActiveCfg = Debug|Any CPU
		{5CE6BD8D-8DC0-4E26-8C6D-919E3A59F2E0}.Debug|Any CPU.Build.0 = Debug|Any CPU
		{5CE6BD8D-8DC0-4E26-8C6D-919E3A59F2E0}.Release|Any CPU.ActiveCfg = Release|Any CPU
		{5CE6BD8D-8DC0-4E26-8C6D-919E3A59F2E0}.Release|Any CPU.Build.0 = Release|Any CPU
	EndGlobalSection
	GlobalSection(NestedProjects) = preSolution
		{5CE6BD8D-8DC0-4E26-8C6D-919E3A59F2E0} = {7786AA94-4545-46C2-9E2B-CD2CB260F90E}
	EndGlobalSection
EndGlobal
