
Microsoft Visual Studio Solution File, Format Version 12.00
# Visual Studio Version 17
VisualStudioVersion = 17.0.31903.59
MinimumVisualStudioVersion = 10.0.40219.1
Project("{2150E333-8FDC-42A3-9474-1A3956D46DE8}") = "src", "src", "{7786AA94-4545-46C2-9E2B-CD2CB260F90E}"
EndProject
Project("{2150E333-8FDC-42A3-9474-1A3956D46DE8}") = "ApiGateway", "ApiGateway", "{DCA24B7F-BAAE-4056-A344-B15A6D117B37}"
EndProject
Project("{FAE04EC0-301F-11D3-BF4B-00C04F79EFBC}") = "Ecom.ApiGateway", "src\ApiGateway\Ecom.ApiGateway\Ecom.ApiGateway.csproj", "{1F8C6AF0-79CA-4A29-A045-9DBE1FBAB81F}"
EndProject
Project("{2150E333-8FDC-42A3-9474-1A3956D46DE8}") = "Services", "Services", "{F60D1B08-C6C9-4928-9A0F-274243C311F1}"
EndProject
Project("{2150E333-8FDC-42A3-9474-1A3956D46DE8}") = "Basket", "Basket", "{EEB6DC34-D6C0-41CD-BA06-869D5BB1DCE0}"
EndProject
Project("{2150E333-8FDC-42A3-9474-1A3956D46DE8}") = "Identity", "Identity", "{EAA12CB9-B60B-44A6-9D8E-CB3CF19772C6}"
EndProject
Project("{2150E333-8FDC-42A3-9474-1A3956D46DE8}") = "Catalog", "Catalog", "{B9F66CC1-D74E-49F3-AE95-34493E83BFF5}"
EndProject
Project("{FAE04EC0-301F-11D3-BF4B-00C04F79EFBC}") = "Ecom.Catalog.Api", "src\Services\Catalog\Ecom.Catalog.Api\Ecom.Catalog.Api.csproj", "{C1B9CA28-6831-424E-B57E-3EFC3981B1F1}"
EndProject
Project("{FAE04EC0-301F-11D3-BF4B-00C04F79EFBC}") = "Ecom.Catalog.Model", "src\Services\Catalog\Ecom.Catalog.Model\Ecom.Catalog.Model.csproj", "{42CF4A91-70BD-4D22-8DF3-F417400E8E42}"
EndProject
Project("{FAE04EC0-301F-11D3-BF4B-00C04F79EFBC}") = "Ecom.Catalog.Entity", "src\Services\Catalog\Ecom.Catalog.Entity\Ecom.Catalog.Entity.csproj", "{9E9C7F97-EFCD-4C06-8837-CCA750984088}"
EndProject
Project("{FAE04EC0-301F-11D3-BF4B-00C04F79EFBC}") = "Ecom.Catalog.Service", "src\Services\Catalog\Ecom.Catalog.Service\Ecom.Catalog.Service.csproj", "{D9ACB7EA-2E69-4CC8-95C9-4B65E16B0BA8}"
EndProject
Project("{FAE04EC0-301F-11D3-BF4B-00C04F79EFBC}") = "Ecom.Catalog.Api.UnitTest", "src\Services\Catalog\Ecom.Catalog.Api.UnitTest\Ecom.Catalog.Api.UnitTest.csproj", "{F897EEC8-D82E-428C-8318-0275B45132F4}"
EndProject
Project("{2150E333-8FDC-42A3-9474-1A3956D46DE8}") = "Product", "Product", "{B9261AB7-FC0F-4108-987B-C53C55ED46E9}"
EndProject
Project("{2150E333-8FDC-42A3-9474-1A3956D46DE8}") = "src", "src", "{3B899077-6AC5-4DA6-A85B-6E6BC3FE29EB}"
EndProject
Project("{2150E333-8FDC-42A3-9474-1A3956D46DE8}") = "Core", "Core", "{4F52D396-68AB-4F72-97D7-9DE58AA94458}"
EndProject
Project("{2150E333-8FDC-42A3-9474-1A3956D46DE8}") = "Domain", "Domain", "{AB6E7B2B-1483-4BB4-9F8F-7303ADAA4E02}"
EndProject
Project("{FAE04EC0-301F-11D3-BF4B-00C04F79EFBC}") = "Ecom.Services.Product.Domain", "src\Services\Product\src\Core\Domain\Ecom.Services.Product.Domain\Ecom.Services.Product.Domain.csproj", "{945D0DA9-0A0C-4819-8349-6A26953321D8}"
EndProject
Project("{2150E333-8FDC-42A3-9474-1A3956D46DE8}") = "Application", "Application", "{97A8B2C6-DA55-40DB-B6AD-AE1413703C13}"
EndProject
Project("{FAE04EC0-301F-11D3-BF4B-00C04F79EFBC}") = "Ecom.Services.Product.Application", "src\Services\Product\src\Core\Application\Ecom.Services.Product.Application\Ecom.Services.Product.Application.csproj", "{2DE1AD86-DA0F-41A9-AF5A-141128F7E982}"
EndProject
Global
	GlobalSection(SolutionConfigurationPlatforms) = preSolution
		Debug|Any CPU = Debug|Any CPU
		Release|Any CPU = Release|Any CPU
	EndGlobalSection
	GlobalSection(SolutionProperties) = preSolution
		HideSolutionNode = FALSE
	EndGlobalSection
	GlobalSection(ProjectConfigurationPlatforms) = postSolution
		{5CE6BD8D-8DC0-4E26-8C6D-919E3A59F2E0}.Debug|Any CPU.ActiveCfg = Debug|Any CPU
		{5CE6BD8D-8DC0-4E26-8C6D-919E3A59F2E0}.Debug|Any CPU.Build.0 = Debug|Any CPU
		{5CE6BD8D-8DC0-4E26-8C6D-919E3A59F2E0}.Release|Any CPU.ActiveCfg = Release|Any CPU
		{5CE6BD8D-8DC0-4E26-8C6D-919E3A59F2E0}.Release|Any CPU.Build.0 = Release|Any CPU
		{1F8C6AF0-79CA-4A29-A045-9DBE1FBAB81F}.Debug|Any CPU.ActiveCfg = Debug|Any CPU
		{1F8C6AF0-79CA-4A29-A045-9DBE1FBAB81F}.Debug|Any CPU.Build.0 = Debug|Any CPU
		{1F8C6AF0-79CA-4A29-A045-9DBE1FBAB81F}.Release|Any CPU.ActiveCfg = Release|Any CPU
		{1F8C6AF0-79CA-4A29-A045-9DBE1FBAB81F}.Release|Any CPU.Build.0 = Release|Any CPU
		{A52D1806-B023-4EE3-AC9D-B4F397C3A81A}.Debug|Any CPU.ActiveCfg = Debug|Any CPU
		{A52D1806-B023-4EE3-AC9D-B4F397C3A81A}.Debug|Any CPU.Build.0 = Debug|Any CPU
		{A52D1806-B023-4EE3-AC9D-B4F397C3A81A}.Release|Any CPU.ActiveCfg = Release|Any CPU
		{A52D1806-B023-4EE3-AC9D-B4F397C3A81A}.Release|Any CPU.Build.0 = Release|Any CPU
		{BFF78E05-F519-47D0-B4A4-663867DC5CA3}.Debug|Any CPU.ActiveCfg = Debug|Any CPU
		{BFF78E05-F519-47D0-B4A4-663867DC5CA3}.Debug|Any CPU.Build.0 = Debug|Any CPU
		{BFF78E05-F519-47D0-B4A4-663867DC5CA3}.Release|Any CPU.ActiveCfg = Release|Any CPU
		{BFF78E05-F519-47D0-B4A4-663867DC5CA3}.Release|Any CPU.Build.0 = Release|Any CPU
		{C1B9CA28-6831-424E-B57E-3EFC3981B1F1}.Debug|Any CPU.ActiveCfg = Debug|Any CPU
		{C1B9CA28-6831-424E-B57E-3EFC3981B1F1}.Debug|Any CPU.Build.0 = Debug|Any CPU
		{C1B9CA28-6831-424E-B57E-3EFC3981B1F1}.Release|Any CPU.ActiveCfg = Release|Any CPU
		{C1B9CA28-6831-424E-B57E-3EFC3981B1F1}.Release|Any CPU.Build.0 = Release|Any CPU
		{42CF4A91-70BD-4D22-8DF3-F417400E8E42}.Debug|Any CPU.ActiveCfg = Debug|Any CPU
		{42CF4A91-70BD-4D22-8DF3-F417400E8E42}.Debug|Any CPU.Build.0 = Debug|Any CPU
		{42CF4A91-70BD-4D22-8DF3-F417400E8E42}.Release|Any CPU.ActiveCfg = Release|Any CPU
		{42CF4A91-70BD-4D22-8DF3-F417400E8E42}.Release|Any CPU.Build.0 = Release|Any CPU
		{9E9C7F97-EFCD-4C06-8837-CCA750984088}.Debug|Any CPU.ActiveCfg = Debug|Any CPU
		{9E9C7F97-EFCD-4C06-8837-CCA750984088}.Debug|Any CPU.Build.0 = Debug|Any CPU
		{9E9C7F97-EFCD-4C06-8837-CCA750984088}.Release|Any CPU.ActiveCfg = Release|Any CPU
		{9E9C7F97-EFCD-4C06-8837-CCA750984088}.Release|Any CPU.Build.0 = Release|Any CPU
		{D9ACB7EA-2E69-4CC8-95C9-4B65E16B0BA8}.Debug|Any CPU.ActiveCfg = Debug|Any CPU
		{D9ACB7EA-2E69-4CC8-95C9-4B65E16B0BA8}.Debug|Any CPU.Build.0 = Debug|Any CPU
		{D9ACB7EA-2E69-4CC8-95C9-4B65E16B0BA8}.Release|Any CPU.ActiveCfg = Release|Any CPU
		{D9ACB7EA-2E69-4CC8-95C9-4B65E16B0BA8}.Release|Any CPU.Build.0 = Release|Any CPU
		{F897EEC8-D82E-428C-8318-0275B45132F4}.Debug|Any CPU.ActiveCfg = Debug|Any CPU
		{F897EEC8-D82E-428C-8318-0275B45132F4}.Debug|Any CPU.Build.0 = Debug|Any CPU
		{F897EEC8-D82E-428C-8318-0275B45132F4}.Release|Any CPU.ActiveCfg = Release|Any CPU
		{F897EEC8-D82E-428C-8318-0275B45132F4}.Release|Any CPU.Build.0 = Release|Any CPU
		{945D0DA9-0A0C-4819-8349-6A26953321D8}.Debug|Any CPU.ActiveCfg = Debug|Any CPU
		{945D0DA9-0A0C-4819-8349-6A26953321D8}.Debug|Any CPU.Build.0 = Debug|Any CPU
		{945D0DA9-0A0C-4819-8349-6A26953321D8}.Release|Any CPU.ActiveCfg = Release|Any CPU
		{945D0DA9-0A0C-4819-8349-6A26953321D8}.Release|Any CPU.Build.0 = Release|Any CPU
		{2DE1AD86-DA0F-41A9-AF5A-141128F7E982}.Debug|Any CPU.ActiveCfg = Debug|Any CPU
		{2DE1AD86-DA0F-41A9-AF5A-141128F7E982}.Debug|Any CPU.Build.0 = Debug|Any CPU
		{2DE1AD86-DA0F-41A9-AF5A-141128F7E982}.Release|Any CPU.ActiveCfg = Release|Any CPU
		{2DE1AD86-DA0F-41A9-AF5A-141128F7E982}.Release|Any CPU.Build.0 = Release|Any CPU
	EndGlobalSection
	GlobalSection(NestedProjects) = preSolution
		{5CE6BD8D-8DC0-4E26-8C6D-919E3A59F2E0} = {7786AA94-4545-46C2-9E2B-CD2CB260F90E}
		{DCA24B7F-BAAE-4056-A344-B15A6D117B37} = {7786AA94-4545-46C2-9E2B-CD2CB260F90E}
		{1F8C6AF0-79CA-4A29-A045-9DBE1FBAB81F} = {DCA24B7F-BAAE-4056-A344-B15A6D117B37}
		{F60D1B08-C6C9-4928-9A0F-274243C311F1} = {7786AA94-4545-46C2-9E2B-CD2CB260F90E}
		{EEB6DC34-D6C0-41CD-BA06-869D5BB1DCE0} = {F60D1B08-C6C9-4928-9A0F-274243C311F1}
		{A52D1806-B023-4EE3-AC9D-B4F397C3A81A} = {EEB6DC34-D6C0-41CD-BA06-869D5BB1DCE0}
		{EAA12CB9-B60B-44A6-9D8E-CB3CF19772C6} = {F60D1B08-C6C9-4928-9A0F-274243C311F1}
		{BFF78E05-F519-47D0-B4A4-663867DC5CA3} = {EAA12CB9-B60B-44A6-9D8E-CB3CF19772C6}
		{B9F66CC1-D74E-49F3-AE95-34493E83BFF5} = {F60D1B08-C6C9-4928-9A0F-274243C311F1}
		{C1B9CA28-6831-424E-B57E-3EFC3981B1F1} = {B9F66CC1-D74E-49F3-AE95-34493E83BFF5}
		{42CF4A91-70BD-4D22-8DF3-F417400E8E42} = {B9F66CC1-D74E-49F3-AE95-34493E83BFF5}
		{9E9C7F97-EFCD-4C06-8837-CCA750984088} = {B9F66CC1-D74E-49F3-AE95-34493E83BFF5}
		{D9ACB7EA-2E69-4CC8-95C9-4B65E16B0BA8} = {B9F66CC1-D74E-49F3-AE95-34493E83BFF5}
		{F897EEC8-D82E-428C-8318-0275B45132F4} = {B9F66CC1-D74E-49F3-AE95-34493E83BFF5}
		{B9261AB7-FC0F-4108-987B-C53C55ED46E9} = {F60D1B08-C6C9-4928-9A0F-274243C311F1}
		{3B899077-6AC5-4DA6-A85B-6E6BC3FE29EB} = {B9261AB7-FC0F-4108-987B-C53C55ED46E9}
		{4F52D396-68AB-4F72-97D7-9DE58AA94458} = {3B899077-6AC5-4DA6-A85B-6E6BC3FE29EB}
		{AB6E7B2B-1483-4BB4-9F8F-7303ADAA4E02} = {4F52D396-68AB-4F72-97D7-9DE58AA94458}
		{945D0DA9-0A0C-4819-8349-6A26953321D8} = {AB6E7B2B-1483-4BB4-9F8F-7303ADAA4E02}
		{97A8B2C6-DA55-40DB-B6AD-AE1413703C13} = {4F52D396-68AB-4F72-97D7-9DE58AA94458}
		{2DE1AD86-DA0F-41A9-AF5A-141128F7E982} = {97A8B2C6-DA55-40DB-B6AD-AE1413703C13}
	EndGlobalSection
EndGlobal
