
Microsoft Visual Studio Solution File, Format Version 12.00
# Visual Studio Version 17
VisualStudioVersion = 17.5.002.0
MinimumVisualStudioVersion = 10.0.40219.1
Project("{9A19103F-16F7-4668-BE54-9A1E7A4F7556}") = "Ecom.Services.Product.Persistence", "Ecom.Services.Product.Persistence.csproj", "{A59732EB-55BA-439E-8839-887BFEBA3CC4}"
EndProject
Global
	GlobalSection(SolutionConfigurationPlatforms) = preSolution
		Debug|Any CPU = Debug|Any CPU
		Release|Any CPU = Release|Any CPU
	EndGlobalSection
	GlobalSection(ProjectConfigurationPlatforms) = postSolution
		{A59732EB-55BA-439E-8839-887BFEBA3CC4}.Debug|Any CPU.ActiveCfg = Debug|Any CPU
		{A59732EB-55BA-439E-8839-887BFEBA3CC4}.Debug|Any CPU.Build.0 = Debug|Any CPU
		{A59732EB-55BA-439E-8839-887BFEBA3CC4}.Release|Any CPU.ActiveCfg = Release|Any CPU
		{A59732EB-55BA-439E-8839-887BFEBA3CC4}.Release|Any CPU.Build.0 = Release|Any CPU
	EndGlobalSection
	GlobalSection(SolutionProperties) = preSolution
		HideSolutionNode = FALSE
	EndGlobalSection
	GlobalSection(ExtensibilityGlobals) = postSolution
		SolutionGuid = {1CDAAB14-EA15-44F4-B0B3-FBAB7B27A280}
	EndGlobalSection
EndGlobal
